<Solution>
  <Folder Name="/src/">
    <Project Path="src/UasSort.Cli/UasSort.Cli.csproj" />
    <Project Path="src/UasSort.Core/UasSort.Core.csproj" />
    <Project Path="src/UasSort.Platform/UasSort.Platform.csproj" />
    <Project Path="src/UasSort.Review/UasSort.Review.csproj" />
  </Folder>
</Solution>
